
Microsoft Visual Studio Solution File, Format Version 12.00
# Visual Studio Version 16
VisualStudioVersion = 16.0.30803.129
MinimumVisualStudioVersion = 10.0.40219.1
Project("{FAE04EC0-301F-11D3-BF4B-00C04F79EFBC}") = "GreenLightTracker", "GreenLightTracker\GreenLightTracker.csproj", "{B2917D4C-6164-4AA1-A1CF-3FEAF81EDD6D}"
EndProject
Project("{FAE04EC0-301F-11D3-BF4B-00C04F79EFBC}") = "GreenLightTracker.Test", "GreenLightTracker.Test\GreenLightTracker.Test.csproj", "{27B6E062-23A9-4D2D-B5A8-BB785CA621D8}"
EndProject
Global
	GlobalSection(SolutionConfigurationPlatforms) = preSolution
		Debug|Any CPU = Debug|Any CPU
		Release|Any CPU = Release|Any CPU
	EndGlobalSection
	GlobalSection(ProjectConfigurationPlatforms) = postSolution
		{B2917D4C-6164-4AA1-A1CF-3FEAF81EDD6D}.Debug|Any CPU.ActiveCfg = Debug|Any CPU
		{B2917D4C-6164-4AA1-A1CF-3FEAF81EDD6D}.Debug|Any CPU.Build.0 = Debug|Any CPU
		{B2917D4C-6164-4AA1-A1CF-3FEAF81EDD6D}.Debug|Any CPU.Deploy.0 = Debug|Any CPU
		{B2917D4C-6164-4AA1-A1CF-3FEAF81EDD6D}.Release|Any CPU.ActiveCfg = Release|Any CPU
		{B2917D4C-6164-4AA1-A1CF-3FEAF81EDD6D}.Release|Any CPU.Build.0 = Release|Any CPU
		{B2917D4C-6164-4AA1-A1CF-3FEAF81EDD6D}.Release|Any CPU.Deploy.0 = Release|Any CPU
		{27B6E062-23A9-4D2D-B5A8-BB785CA621D8}.Debug|Any CPU.ActiveCfg = Debug|Any CPU
		{27B6E062-23A9-4D2D-B5A8-BB785CA621D8}.Debug|Any CPU.Build.0 = Debug|Any CPU
		{27B6E062-23A9-4D2D-B5A8-BB785CA621D8}.Release|Any CPU.ActiveCfg = Release|Any CPU
		{27B6E062-23A9-4D2D-B5A8-BB785CA621D8}.Release|Any CPU.Build.0 = Release|Any CPU
	EndGlobalSection
	GlobalSection(SolutionProperties) = preSolution
		HideSolutionNode = FALSE
	EndGlobalSection
	GlobalSection(ExtensibilityGlobals) = postSolution
		SolutionGuid = {B455797E-4F47-45C9-A84A-D8F6B656210D}
	EndGlobalSection
EndGlobal
